
Microsoft Visual Studio Solution File, Format Version 12.00
# Visual Studio Version 17
VisualStudioVersion = 17.6.33723.286
MinimumVisualStudioVersion = 10.0.40219.1
Project("{FAE04EC0-301F-11D3-BF4B-00C04F79EFBC}") = "Project1st", "Project1st.csproj", "{DE392C77-4D29-4656-882A-68F0DFEC78CA}"
EndProject
Global
	GlobalSection(SolutionConfigurationPlatforms) = preSolution
		Debug|Any CPU = Debug|Any CPU
		Release|Any CPU = Release|Any CPU
	EndGlobalSection
	GlobalSection(ProjectConfigurationPlatforms) = postSolution
		{DE392C77-4D29-4656-882A-68F0DFEC78CA}.Debug|Any CPU.ActiveCfg = Debug|Any CPU
		{DE392C77-4D29-4656-882A-68F0DFEC78CA}.Debug|Any CPU.Build.0 = Debug|Any CPU
		{DE392C77-4D29-4656-882A-68F0DFEC78CA}.Release|Any CPU.ActiveCfg = Release|Any CPU
		{DE392C77-4D29-4656-882A-68F0DFEC78CA}.Release|Any CPU.Build.0 = Release|Any CPU
	EndGlobalSection
	GlobalSection(SolutionProperties) = preSolution
		HideSolutionNode = FALSE
	EndGlobalSection
	GlobalSection(ExtensibilityGlobals) = postSolution
		SolutionGuid = {CE13200C-8B87-4E75-80E3-2C9626AE9932}
	EndGlobalSection
EndGlobal
